lockfileVersion: 5.3

specifiers:
  lodash-es: ^4.17.21

dependencies:
  lodash-es: registry.npmmirror.com/lodash-es/4.17.21

packages:

  registry.npmmirror.com/lodash-es/4.17.21:
    resolution: {integrity: sha512-mKnC+QJ9pWVzv+C4/U3rRsHapFfHvQFoFB92e52xeyGMcX6/OlIl78je1u8vePzYZSkkogMPJ2yjxxsb89cxyw==, registry: https://registry.npm.taobao.org/, tarball: https://registry.npmmirror.com/lodash-es/-/lodash-es-4.17.21.tgz}
    name: lodash-es
    version: 4.17.21
    dev: false
